// !$*UTF8*$!
{
	archiveVersion = 1;
	classes = {
	};
	objectVersion = 46;
	objects = {

/* Begin PBXBuildFile section */
		ED42B0E11B145455005A3395 /* AppDelegate.swift in Sources */ = {isa = PBXBuildFile; fileRef = ED42B0E01B145455005A3395 /* AppDelegate.swift */; };
		ED42B0E31B145455005A3395 /* ViewController.swift in Sources */ = {isa = PBXBuildFile; fileRef = ED42B0E21B145455005A3395 /* ViewController.swift */; };
		ED42B0E61B145455005A3395 /* Main.storyboard in Resources */ = {isa = PBXBuildFile; fileRef = ED42B0E41B145455005A3395 /* Main.storyboard */; };
		ED42B0E81B145455005A3395 /* Images.xcassets in Resources */ = {isa = PBXBuildFile; fileRef = ED42B0E71B145455005A3395 /* Images.xcassets */; };
		ED42B0EB1B145455005A3395 /* LaunchScreen.xib in Resources */ = {isa = PBXBuildFile; fileRef = ED42B0E91B145455005A3395 /* LaunchScreen.xib */; };
		ED42B0F71B145455005A3395 /* UIWebViewWithNSConnectionTests.swift in Sources */ = {isa = PBXBuildFile; fileRef = ED42B0F61B145455005A3395 /* UIWebViewWithNSConnectionTests.swift */; };
/* End PBXBuildFile section */

/* Begin PBXContainerItemProxy section */
		ED42B0F11B145455005A3395 /* PBXContainerItemProxy */ = {
			isa = PBXContainerItemProxy;
			containerPortal = ED42B0D31B145455005A3395 /* Project object */;
			proxyType = 1;
			remoteGlobalIDString = ED42B0DA1B145455005A3395;
			remoteInfo = UIWebViewWithNSConnection;
		};
/* End PBXContainerItemProxy section */

/* Begin PBXFileReference section */
		ED42B0DB1B145455005A3395 /* UIWebViewWithNSConnection.app */ = {isa = PBXFileReference; explicitFileType = wrapper.application; includeInIndex = 0; path = UIWebViewWithNSConnection.app; sourceTree = BUILT_PRODUCTS_DIR; };
		ED42B0DF1B145455005A3395 /* Info.plist */ = {isa = PBXFileReference; lastKnownFileType = text.plist.xml; path = Info.plist; sourceTree = "<group>"; };
		ED42B0E01B145455005A3395 /* AppDelegate.swift */ = {isa = PBXFileReference; lastKnownFileType = sourcecode.swift; path = AppDelegate.swift; sourceTree = "<group>"; };
		ED42B0E21B145455005A3395 /* ViewController.swift */ = {isa = PBXFileReference; lastKnownFileType = sourcecode.swift; path = ViewController.swift; sourceTree = "<group>"; };
		ED42B0E51B145455005A3395 /* Base */ = {isa = PBXFileReference; lastKnownFileType = file.storyboard; name = Base; path = Base.lproj/Main.storyboard; sourceTree = "<group>"; };
		ED42B0E71B145455005A3395 /* Images.xcassets */ = {isa = PBXFileReference; lastKnownFileType = folder.assetcatalog; path = Images.xcassets; sourceTree = "<group>"; };
		ED42B0EA1B145455005A3395 /* Base */ = {isa = PBXFileReference; lastKnownFileType = file.xib; name = Base; path = Base.lproj/LaunchScreen.xib; sourceTree = "<group>"; };
		ED42B0F01B145455005A3395 /* UIWebViewWithNSConnectionTests.xctest */ = {isa = PBXFileReference; explicitFileType = wrapper.cfbundle; includeInIndex = 0; path = UIWebViewWithNSConnectionTests.xctest; sourceTree = BUILT_PRODUCTS_DIR; };
		ED42B0F51B145455005A3395 /* Info.plist */ = {isa = PBXFileReference; lastKnownFileType = text.plist.xml; path = Info.plist; sourceTree = "<group>"; };
		ED42B0F61B145455005A3395 /* UIWebViewWithNSConnectionTests.swift */ = {isa = PBXFileReference; lastKnownFileType = sourcecode.swift; path = UIWebViewWithNSConnectionTests.swift; sourceTree = "<group>"; };
/* End PBXFileReference section */

/* Begin PBXFrameworksBuildPhase section */
		ED42B0D81B145455005A3395 /* Frameworks */ = {
			isa = PBXFrameworksBuildPhase;
			buildActionMask = 2147483647;
			files = (
			);
			runOnlyForDeploymentPostprocessing = 0;
		};
		ED42B0ED1B145455005A3395 /* Frameworks */ = {
			isa = PBXFrameworksBuildPhase;
			buildActionMask = 2147483647;
			files = (
			);
			runOnlyForDeploymentPostprocessing = 0;
		};
/* End PBXFrameworksBuildPhase section */

/* Begin PBXGroup section */
		ED42B0D21B145455005A3395 = {
			isa = PBXGroup;
			children = (
				ED42B0DD1B145455005A3395 /* UIWebViewWithNSConnection */,
				ED42B0F31B145455005A3395 /* UIWebViewWithNSConnectionTests */,
				ED42B0DC1B145455005A3395 /* Products */,
			);
			sourceTree = "<group>";
		};
		ED42B0DC1B145455005A3395 /* Products */ = {
			isa = PBXGroup;
			children = (
				ED42B0DB1B145455005A3395 /* UIWebViewWithNSConnection.app */,
				ED42B0F01B145455005A3395 /* UIWebViewWithNSConnectionTests.xctest */,
			);
			name = Products;
			sourceTree = "<group>";
		};
		ED42B0DD1B145455005A3395 /* UIWebViewWithNSConnection */ = {
			isa = PBXGroup;
			children = (
				ED42B0E01B145455005A3395 /* AppDelegate.swift */,
				ED42B0E21B145455005A3395 /* ViewController.swift */,
				ED42B0E41B145455005A3395 /* Main.storyboard */,
				ED42B0E71B145455005A3395 /* Images.xcassets */,
				ED42B0E91B145455005A3395 /* LaunchScreen.xib */,
				ED42B0DE1B145455005A3395 /* Supporting Files */,
			);
			path = UIWebViewWithNSConnection;
			sourceTree = "<group>";
		};
		ED42B0DE1B145455005A3395 /* Supporting Files */ = {
			isa = PBXGroup;
			children = (
				ED42B0DF1B145455005A3395 /* Info.plist */,
			);
			name = "Supporting Files";
			sourceTree = "<group>";
		};
		ED42B0F31B145455005A3395 /* UIWebViewWithNSConnectionTests */ = {
			isa = PBXGroup;
			children = (
				ED42B0F61B145455005A3395 /* UIWebViewWithNSConnectionTests.swift */,
				ED42B0F41B145455005A3395 /* Supporting Files */,
			);
			path = UIWebViewWithNSConnectionTests;
			sourceTree = "<group>";
		};
		ED42B0F41B145455005A3395 /* Supporting Files */ = {
			isa = PBXGroup;
			children = (
				ED42B0F51B145455005A3395 /* Info.plist */,
			);
			name = "Supporting Files";
			sourceTree = "<group>";
		};
/* End PBXGroup section */

/* Begin PBXNativeTarget section */
		ED42B0DA1B145455005A3395 /* UIWebViewWithNSConnection */ = {
			isa = PBXNativeTarget;
			buildConfigurationList = ED42B0FA1B145455005A3395 /* Build configuration list for PBXNativeTarget "UIWebViewWithNSConnection" */;
			buildPhases = (
				ED42B0D71B145455005A3395 /* Sources */,
				ED42B0D81B145455005A3395 /* Frameworks */,
				ED42B0D91B145455005A3395 /* Resources */,
			);
			buildRules = (
			);
			dependencies = (
			);
			name = UIWebViewWithNSConnection;
			productName = UIWebViewWithNSConnection;
			productReference = ED42B0DB1B145455005A3395 /* UIWebViewWithNSConnection.app */;
			productType = "com.apple.product-type.application";
		};
		ED42B0EF1B145455005A3395 /* UIWebViewWithNSConnectionTests */ = {
			isa = PBXNativeTarget;
			buildConfigurationList = ED42B0FD1B145455005A3395 /* Build configuration list for PBXNativeTarget "UIWebViewWithNSConnectionTests" */;
			buildPhases = (
				ED42B0EC1B145455005A3395 /* Sources */,
				ED42B0ED1B145455005A3395 /* Frameworks */,
				ED42B0EE1B145455005A3395 /* Resources */,
			);
			buildRules = (
			);
			dependencies = (
				ED42B0F21B145455005A3395 /* PBXTargetDependency */,
			);
			name = UIWebViewWithNSConnectionTests;
			productName = UIWebViewWithNSConnectionTests;
			productReference = ED42B0F01B145455005A3395 /* UIWebViewWithNSConnectionTests.xctest */;
			productType = "com.apple.product-type.bundle.unit-test";
		};
/* End PBXNativeTarget section */

/* Begin PBXProject section */
		ED42B0D31B145455005A3395 /* Project object */ = {
			isa = PBXProject;
			attributes = {
				LastUpgradeCheck = 0630;
				ORGANIZATIONNAME = "kan vichhai";
				TargetAttributes = {
					ED42B0DA1B145455005A3395 = {
						CreatedOnToolsVersion = 6.3.1;
					};
					ED42B0EF1B145455005A3395 = {
						CreatedOnToolsVersion = 6.3.1;
						TestTargetID = ED42B0DA1B145455005A3395;
					};
				};
			};
			buildConfigurationList = ED42B0D61B145455005A3395 /* Build configuration list for PBXProject "UIWebViewWithNSConnection" */;
			compatibilityVersion = "Xcode 3.2";
			developmentRegion = English;
			hasScannedForEncodings = 0;
			knownRegions = (
				en,
				Base,
			);
			mainGroup = ED42B0D21B145455005A3395;
			productRefGroup = ED42B0DC1B145455005A3395 /* Products */;
			projectDirPath = "";
			projectRoot = "";
			targets = (
				ED42B0DA1B145455005A3395 /* UIWebViewWithNSConnection */,
				ED42B0EF1B145455005A3395 /* UIWebViewWithNSConnectionTests */,
			);
		};
/* End PBXProject section */

/* Begin PBXResourcesBuildPhase section */
		ED42B0D91B145455005A3395 /* Resources */ = {
			isa = PBXResourcesBuildPhase;
			buildActionMask = 2147483647;
			files = (
				ED42B0E61B145455005A3395 /* Main.storyboard in Resources */,
				ED42B0EB1B145455005A3395 /* LaunchScreen.xib in Resources */,
				ED42B0E81B145455005A3395 /* Images.xcassets in Resources */,
			);
			runOnlyForDeploymentPostprocessing = 0;
		};
		ED42B0EE1B145455005A3395 /* Resources */ = {
			isa = PBXResourcesBuildPhase;
			buildActionMask = 2147483647;
			files = (
			);
			runOnlyForDeploymentPostprocessing = 0;
		};
/* End PBXResourcesBuildPhase section */

/* Begin PBXSourcesBuildPhase section */
		ED42B0D71B145455005A3395 /* Sources */ = {
			isa = PBXSourcesBuildPhase;
			buildActionMask = 2147483647;
			files = (
				ED42B0E31B145455005A3395 /* ViewController.swift in Sources */,
				ED42B0E11B145455005A3395 /* AppDelegate.swift in Sources */,
			);
			runOnlyForDeploymentPostprocessing = 0;
		};
		ED42B0EC1B145455005A3395 /* Sources */ = {
			isa = PBXSourcesBuildPhase;
			buildActionMask = 2147483647;
			files = (
				ED42B0F71B145455005A3395 /* UIWebViewWithNSConnectionTests.swift in Sources */,
			);
			runOnlyForDeploymentPostprocessing = 0;
		};
/* End PBXSourcesBuildPhase section */

/* Begin PBXTargetDependency section */
		ED42B0F21B145455005A3395 /* PBXTargetDependency */ = {
			isa = PBXTargetDependency;
			target = ED42B0DA1B145455005A3395 /* UIWebViewWithNSConnection */;
			targetProxy = ED42B0F11B145455005A3395 /* PBXContainerItemProxy */;
		};
/* End PBXTargetDependency section */

/* Begin PBXVariantGroup section */
		ED42B0E41B145455005A3395 /* Main.storyboard */ = {
			isa = PBXVariantGroup;
			children = (
				ED42B0E51B145455005A3395 /* Base */,
			);
			name = Main.storyboard;
			sourceTree = "<group>";
		};
		ED42B0E91B145455005A3395 /* LaunchScreen.xib */ = {
			isa = PBXVariantGroup;
			children = (
				ED42B0EA1B145455005A3395 /* Base */,
			);
			name = LaunchScreen.xib;
			sourceTree = "<group>";
		};
/* End PBXVariantGroup section */

/* Begin XCBuildConfiguration section */
		ED42B0F81B145455005A3395 /* Debug */ = {
			isa = XCBuildConfiguration;
			buildSettings = {
				ALWAYS_SEARCH_USER_PATHS = NO;
				CLANG_CXX_LANGUAGE_STANDARD = "gnu++0x";
				CLANG_CXX_LIBRARY = "libc++";
				CLANG_ENABLE_MODULES = YES;
				CLANG_ENABLE_OBJC_ARC = YES;
				CLANG_WARN_BOOL_CONVERSION = YES;
				CLANG_WARN_CONSTANT_CONVERSION = YES;
				CLANG_WARN_DIRECT_OBJC_ISA_USAGE = YES_ERROR;
				CLANG_WARN_EMPTY_BODY = YES;
				CLANG_WARN_ENUM_CONVERSION = YES;
				CLANG_WARN_INT_CONVERSION = YES;
				CLANG_WARN_OBJC_ROOT_CLASS = YES_ERROR;
				CLANG_WARN_UNREACHABLE_CODE = YES;
				CLANG_WARN__DUPLICATE_METHOD_MATCH = YES;
				"CODE_SIGN_IDENTITY[sdk=iphoneos*]" = "iPhone Developer";
				COPY_PHASE_STRIP = NO;
				DEBUG_INFORMATION_FORMAT = "dwarf-with-dsym";
				ENABLE_STRICT_OBJC_MSGSEND = YES;
				GCC_C_LANGUAGE_STANDARD = gnu99;
				GCC_DYNAMIC_NO_PIC = NO;
				GCC_NO_COMMON_BLOCKS = YES;
				GCC_OPTIMIZATION_LEVEL = 0;
				GCC_PREPROCESSOR_DEFINITIONS = (
					"DEBUG=1",
					"$(inherited)",
				);
				GCC_SYMBOLS_PRIVATE_EXTERN = NO;
				GCC_WARN_64_TO_32_BIT_CONVERSION = YES;
				GCC_WARN_ABOUT_RETURN_TYPE = YES_ERROR;
				GCC_WARN_UNDECLARED_SELECTOR = YES;
				GCC_WARN_UNINITIALIZED_AUTOS = YES_AGGRESSIVE;
				GCC_WARN_UNUSED_FUNCTION = YES;
				GCC_WARN_UNUSED_VARIABLE = YES;
				IPHONEOS_DEPLOYMENT_TARGET = 8.3;
				MTL_ENABLE_DEBUG_INFO = YES;
				ONLY_ACTIVE_ARCH = YES;
				SDKROOT = iphoneos;
				SWIFT_OPTIMIZATION_LEVEL = "-Onone";
			};
			name = Debug;
		};
		ED42B0F91B145455005A3395 /* Release */ = {
			isa = XCBuildConfiguration;
			buildSettings = {
				ALWAYS_SEARCH_USER_PATHS = NO;
				CLANG_CXX_LANGUAGE_STANDARD = "gnu++0x";
				CLANG_CXX_LIBRARY = "libc++";
				CLANG_ENABLE_MODULES = YES;
				CLANG_ENABLE_OBJC_ARC = YES;
				CLANG_WARN_BOOL_CONVERSION = YES;
				CLANG_WARN_CONSTANT_CONVERSION = YES;
				CLANG_WARN_DIRECT_OBJC_ISA_USAGE = YES_ERROR;
				CLANG_WARN_EMPTY_BODY = YES;
				CLANG_WARN_ENUM_CONVERSION = YES;
				CLANG_WARN_INT_CONVERSION = YES;
				CLANG_WARN_OBJC_ROOT_CLASS = YES_ERROR;
				CLANG_WARN_UNREACHABLE_CODE = YES;
				CLANG_WARN__DUPLICATE_METHOD_MATCH = YES;
				"CODE_SIGN_IDENTITY[sdk=iphoneos*]" = "iPhone Developer";
				COPY_PHASE_STRIP = NO;
				DEBUG_INFORMATION_FORMAT = "dwarf-with-dsym";
				ENABLE_NS_ASSERTIONS = NO;
				ENABLE_STRICT_OBJC_MSGSEND = YES;
				GCC_C_LANGUAGE_STANDARD = gnu99;
				GCC_NO_COMMON_BLOCKS = YES;
				GCC_WARN_64_TO_32_BIT_CONVERSION = YES;
				GCC_WARN_ABOUT_RETURN_TYPE = YES_ERROR;
				GCC_WARN_UNDECLARED_SELECTOR = YES;
				GCC_WARN_UNINITIALIZED_AUTOS = YES_AGGRESSIVE;
				GCC_WARN_UNUSED_FUNCTION = YES;
				GCC_WARN_UNUSED_VARIABLE = YES;
				IPHONEOS_DEPLOYMENT_TARGET = 8.3;
				MTL_ENABLE_DEBUG_INFO = NO;
				SDKROOT = iphoneos;
				VALIDATE_PRODUCT = YES;
			};
			name = Release;
		};
		ED42B0FB1B145455005A3395 /* Debug */ = {
			isa = XCBuildConfiguration;
			buildSettings = {
				ASSETCATALOG_COMPILER_APPICON_NAME = AppIcon;
				INFOPLIST_FILE = UIWebViewWithNSConnection/Info.plist;
				LD_RUNPATH_SEARCH_PATHS = "$(inherited) @executable_path/Frameworks";
				PRODUCT_NAME = "$(TARGET_NAME)";
			};
			name = Debug;
		};
		ED42B0FC1B145455005A3395 /* Release */ = {
			isa = XCBuildConfiguration;
			buildSettings = {
				ASSETCATALOG_COMPILER_APPICON_NAME = AppIcon;
				INFOPLIST_FILE = UIWebViewWithNSConnection/Info.plist;
				LD_RUNPATH_SEARCH_PATHS = "$(inherited) @executable_path/Frameworks";
				PRODUCT_NAME = "$(TARGET_NAME)";
			};
			name = Release;
		};
		ED42B0FE1B145455005A3395 /* Debug */ = {
			isa = XCBuildConfiguration;
			buildSettings = {
				BUNDLE_LOADER = "$(TEST_HOST)";
				FRAMEWORK_SEARCH_PATHS = (
					"$(SDKROOT)/Developer/Library/Frameworks",
					"$(inherited)",
				);
				GCC_PREPROCESSOR_DEFINITIONS = (
					"DEBUG=1",
					"$(inherited)",
				);
				INFOPLIST_FILE = UIWebViewWithNSConnectionTests/Info.plist;
				LD_RUNPATH_SEARCH_PATHS = "$(inherited) @executable_path/Frameworks @loader_path/Frameworks";
				PRODUCT_NAME = "$(TARGET_NAME)";
				TEST_HOST = "$(BUILT_PRODUCTS_DIR)/UIWebViewWithNSConnection.app/UIWebViewWithNSConnection";
			};
			name = Debug;
		};
		ED42B0FF1B145455005A3395 /* Release */ = {
			isa = XCBuildConfiguration;
			buildSettings = {
				BUNDLE_LOADER = "$(TEST_HOST)";
				FRAMEWORK_SEARCH_PATHS = (
					"$(SDKROOT)/Developer/Library/Frameworks",
					"$(inherited)",
				);
				INFOPLIST_FILE = UIWebViewWithNSConnectionTests/Info.plist;
				LD_RUNPATH_SEARCH_PATHS = "$(inherited) @executable_path/Frameworks @loader_path/Frameworks";
				PRODUCT_NAME = "$(TARGET_NAME)";
				TEST_HOST = "$(BUILT_PRODUCTS_DIR)/UIWebViewWithNSConnection.app/UIWebViewWithNSConnection";
			};
			name = Release;
		};
/* End XCBuildConfiguration section */

/* Begin XCConfigurationList section */
		ED42B0D61B145455005A3395 /* Build configuration list for PBXProject "UIWebViewWithNSConnection" */ = {
			isa = XCConfigurationList;
			buildConfigurations = (
				ED42B0F81B145455005A3395 /* Debug */,
				ED42B0F91B145455005A3395 /* Release */,
			);
			defaultConfigurationIsVisible = 0;
			defaultConfigurationName = Release;
		};
		ED42B0FA1B145455005A3395 /* Build configuration list for PBXNativeTarget "UIWebViewWithNSConnection" */ = {
			isa = XCConfigurationList;
			buildConfigurations = (
				ED42B0FB1B145455005A3395 /* Debug */,
				ED42B0FC1B145455005A3395 /* Release */,
			);
			defaultConfigurationIsVisible = 0;
		};
		ED42B0FD1B145455005A3395 /* Build configuration list for PBXNativeTarget "UIWebViewWithNSConnectionTests" */ = {
			isa = XCConfigurationList;
			buildConfigurations = (
				ED42B0FE1B145455005A3395 /* Debug */,
				ED42B0FF1B145455005A3395 /* Release */,
			);
			defaultConfigurationIsVisible = 0;
		};
/* End XCConfigurationList section */
	};
	rootObject = ED42B0D31B145455005A3395 /* Project object */;
}
